{
  "name": "ollama-rest-api",
  "version": "1.0.0",
  "lockfileVersion": 3,
  "requires": true,
  "packages": {
    "": {
      "name": "ollama-rest-api",
      "version": "1.0.0",
      "license": "ISC",
      "dependencies": {
        "ollama": "^0.5.8"
      }
    },
    "node_modules/ollama": {
      "version": "0.5.8",
      "resolved": "https://registry.npmjs.org/ollama/-/ollama-0.5.8.tgz",
      "integrity": "sha512-frBGdfSV34i7JybLZUeyCYDx0CMyDiG4On8xOK+cNRWM04HImhoWgIMpF4p7vTkQumadbSxOteR7SZyKqNmOXg==",
      "dependencies": {
        "whatwg-fetch": "^3.6.20"
      }
    },
    "node_modules/whatwg-fetch": {
      "version": "3.6.20",
      "resolved": "https://registry.npmjs.org/whatwg-fetch/-/whatwg-fetch-3.6.20.tgz",
      "integrity": "sha512-EqhiFU6daOA8kpjOWTL0olhVOF3i7OrFzSYiGsEMB8GcXS+RrzauAERX65xMeNWVqxA6HXH2m69Z9LaKKdisfg=="
    }
  }
}
